dependencies:
- name: vector
  repository: https://helm.vector.dev
  version: 0.59.0
- name: victoria-metrics-common
  repository: oci://ghcr.io/victoriametrics/helm-charts
  version: 0.4.3
digest: sha256:e1962532404b5a79926ef557fd7008dfb37972bfde9a8cdc2c38fd45fb9d16d1
generated: "2026-10-08T17:44:31.332735+03:00"
