dependencies:
- name: vector
  repository: https://helm.vector.dev
  version: 0.56.0
- name: victoria-metrics-common
  repository: oci://ghcr.io/victoriametrics/helm-charts
  version: 0.3.13
digest: sha256:1a920e4564e72b25a52092429bcea3483aa161c89ae37c4c55c75abb7b6519aa
generated: "2026-07-01T06:44:43.499173948Z"
