dependencies:
- name: vector
  repository: https://helm.vector.dev
  version: 0.40.0
- name: victoria-metrics-common
  repository: https://victoriametrics.github.io/helm-charts
  version: 0.0.42
digest: sha256:fd87ee894b5129f095f0d05e931695eee1ef8f5c787eb61530a46d857300cfa7
generated: "2025-04-28T00:52:28.200647+08:00"
