dependencies:
- name: fluent-bit
  repository: https://fluent.github.io/helm-charts
  version: 0.47.10
- name: victoria-metrics-common
  repository: https://victoriametrics.github.io/helm-charts
  version: 0.0.16
digest: sha256:2fc187f44395b23517adccd1ad634e5d4745ecf9f5d2bf641747eccc4e13d3ba
generated: "2024-10-21T13:33:39.761607+03:00"
