dependencies:
- name: fluent-bit
  repository: https://fluent.github.io/helm-charts
  version: 0.46.7
- name: victoria-metrics-common
  repository: https://victoriametrics.github.io/helm-charts
  version: 0.0.10
digest: sha256:297e416771da041cc4b4a607eccd6128abaf0a81977ff97b30f37b73d956f992
generated: "2024-09-10T06:09:32.743794014Z"
