dependencies:
- name: vector
  repository: https://helm.vector.dev
  version: 0.37.0
- name: victoria-metrics-common
  repository: https://victoriametrics.github.io/helm-charts
  version: 0.0.36
digest: sha256:eb6eb4171e61ee72b3a76220e44a123a436b4160be95197cba78d3c1a6aca272
generated: "2024-12-24T10:29:20.808748802Z"
