dependencies:
- name: victoria-metrics-common
  repository: https://victoriametrics.github.io/helm-charts
  version: 0.0.46
- name: victoria-metrics-operator
  repository: https://victoriametrics.github.io/helm-charts
  version: 0.59.0
- name: grafana
  repository: https://grafana-community.github.io/helm-charts
  version: 11.1.8
digest: sha256:be78e09a2894137b5017ad5d8f115857a3ef20f44daba9e4dc7fcf1d4f6cf700
generated: "2026-02-24T13:16:39.853963+02:00"
