dependencies:
- name: victoria-metrics-common
  repository: https://victoriametrics.github.io/helm-charts
  version: 0.0.30
- name: victoria-metrics-k8s-stack
  repository: https://victoriametrics.github.io/helm-charts
  version: 0.28.4
digest: sha256:681225b86ea89e8a32399e83dfd439fce7f5c7f7f6f75a5ce3c111400d3a5128
generated: "2024-11-21T10:19:34.265402463Z"
