dependencies:
- name: victoria-metrics-common
  repository: https://victoriametrics.github.io/helm-charts
  version: 0.0.42
- name: victoria-metrics-k8s-stack
  repository: https://victoriametrics.github.io/helm-charts
  version: 0.61.13
digest: sha256:b54662f39162d49ba404f18a2f6b9831ffc0edf05db85e771b35869ffdde86ad
generated: "2025-10-29T10:45:50.994307+02:00"
