dependencies:
- name: victoria-metrics-common
  repository: https://victoriametrics.github.io/helm-charts
  version: 0.0.46
- name: victoria-metrics-operator
  repository: https://victoriametrics.github.io/helm-charts
  version: 0.59.2
- name: kube-state-metrics
  repository: https://prometheus-community.github.io/helm-charts
  version: 7.2.0
- name: prometheus-node-exporter
  repository: https://prometheus-community.github.io/helm-charts
  version: 4.52.0
- name: grafana
  repository: https://grafana-community.github.io/helm-charts
  version: 11.1.8
digest: sha256:3b0b94070b0a717f40e244e8703ddf9b31d523fff394f2aa9a2067032db626e9
generated: "2026-03-06T10:56:06.727763732Z"
