dependencies:
- name: victoria-metrics-operator
  repository: https://victoriametrics.github.io/helm-charts
  version: 0.31.1
- name: kube-state-metrics
  repository: https://prometheus-community.github.io/helm-charts
  version: 5.16.4
- name: prometheus-node-exporter
  repository: https://prometheus-community.github.io/helm-charts
  version: 4.27.0
- name: grafana
  repository: https://grafana.github.io/helm-charts
  version: 7.3.11
- name: crds
  repository: ""
  version: 0.0.0
digest: sha256:c4102ec97d079672b0ed88b4f259ae37b24502277b8cce6305774ba0a4f5792c
generated: "2024-05-10T10:55:28.73081+02:00"
