dependencies:
- name: victoria-metrics-operator
  repository: https://victoriametrics.github.io/helm-charts
  version: 0.11.3
- name: kube-state-metrics
  repository: https://prometheus-community.github.io/helm-charts
  version: 4.13.0
- name: prometheus-node-exporter
  repository: https://prometheus-community.github.io/helm-charts
  version: 3.3.1
- name: grafana
  repository: https://grafana.github.io/helm-charts
  version: 6.32.7
digest: sha256:56b083d0967f4eb7e9de0a610c45574441c720e5e9fca014c8a0b922e3563a81
generated: "2022-07-26T18:05:49.208334217Z"
