dependencies:
- name: victoria-metrics-common
  repository: https://victoriametrics.github.io/helm-charts
  version: 0.0.9
- name: victoria-metrics-crds
  repository: ""
  version: 0.0.*
digest: sha256:95d88c9acc7d8553c96b82c149d31dcec30a3d54fa197c9cfb7905920e27d01f
generated: "2024-09-09T10:55:25.551646+03:00"
