dependencies:
- name: crd-templates
  repository: ""
  version: 0.0.*
- name: crd-templates
  repository: ""
  version: 0.0.*
- name: crd-templates
  repository: ""
  version: 0.0.*
digest: sha256:8622da43ac238af37b47db75550e6396eaa90242922fb9e708ca71aa9c955fd4
generated: "2025-09-14T23:04:23.680287+03:00"
